// !$*UTF8*$!
{
	archiveVersion = 1;
	classes = {
	};
	objectVersion = 48;
	objects = {

/* Begin PBXBuildFile section */
		8D30B95B2058401A0042B568 /* MyCell.swift in Sources */ = {isa = PBXBuildFile; fileRef = 8D30B95A2058401A0042B568 /* MyCell.swift */; };
		8D4EBD4E20C17B0D00897BA9 /* MapKit+Extension.swift in Sources */ = {isa = PBXBuildFile; fileRef = 8D4EBD4D20C17B0D00897BA9 /* MapKit+Extension.swift */; };
		8D4EBD5020C17BC600897BA9 /* AnnotationPin.swift in Sources */ = {isa = PBXBuildFile; fileRef = 8D4EBD4F20C17BC600897BA9 /* AnnotationPin.swift */; };
		8D4EBD5220C1CACE00897BA9 /* CustomTabBarController.swift in Sources */ = {isa = PBXBuildFile; fileRef = 8D4EBD5120C1CACE00897BA9 /* CustomTabBarController.swift */; };
		8D4EBD5420C1CF8400897BA9 /* GalleryVC.swift in Sources */ = {isa = PBXBuildFile; fileRef = 8D4EBD5320C1CF8400897BA9 /* GalleryVC.swift */; };
		8D4EBD5620C22A2600897BA9 /* InformationVC.swift in Sources */ = {isa = PBXBuildFile; fileRef = 8D4EBD5520C22A2600897BA9 /* InformationVC.swift */; };
		8D781C84204057780080E66C /* BuildingInfo.swift in Sources */ = {isa = PBXBuildFile; fileRef = 8D781C83204057780080E66C /* BuildingInfo.swift */; };
		8D82065720C2F10C0000CF17 /* BuildingGallery.swift in Sources */ = {isa = PBXBuildFile; fileRef = 8D82065620C2F10C0000CF17 /* BuildingGallery.swift */; };
		8D82066620C2F59A0000CF17 /* GalleryDisplay.swift in Sources */ = {isa = PBXBuildFile; fileRef = 8D82066520C2F59A0000CF17 /* GalleryDisplay.swift */; };
		8D9AD9042037B7890045A06C /* AppDelegate.swift in Sources */ = {isa = PBXBuildFile; fileRef = 8D9AD9032037B7890045A06C /* AppDelegate.swift */; };
		8D9AD9062037B7890045A06C /* ViewController.swift in Sources */ = {isa = PBXBuildFile; fileRef = 8D9AD9052037B7890045A06C /* ViewController.swift */; };
		8D9AD90B2037B7890045A06C /* Assets.xcassets in Resources */ = {isa = PBXBuildFile; fileRef = 8D9AD90A2037B7890045A06C /* Assets.xcassets */; };
		8D9AD90E2037B7890045A06C /* LaunchScreen.storyboard in Resources */ = {isa = PBXBuildFile; fileRef = 8D9AD90C2037B7890045A06C /* LaunchScreen.storyboard */; };
		8D9AD9162038BE8F0045A06C /* ConstrainsExtension.swift in Sources */ = {isa = PBXBuildFile; fileRef = 8D9AD9152038BE8E0045A06C /* ConstrainsExtension.swift */; };
		8D9AD91B20390C520045A06C /* DetailsVC.swift in Sources */ = {isa = PBXBuildFile; fileRef = 8D9AD91A20390C520045A06C /* DetailsVC.swift */; };
		8DAB900D20C9A6E1008D3CB6 /* DisplayGalleryPhoto.swift in Sources */ = {isa = PBXBuildFile; fileRef = 8DAB900C20C9A6E1008D3CB6 /* DisplayGalleryPhoto.swift */; };
		8DAB900F20CB001D008D3CB6 /* GalleryCell.swift in Sources */ = {isa = PBXBuildFile; fileRef = 8DAB900E20CB001C008D3CB6 /* GalleryCell.swift */; };
		8DAB901120CB0117008D3CB6 /* DisplayCell.swift in Sources */ = {isa = PBXBuildFile; fileRef = 8DAB901020CB0117008D3CB6 /* DisplayCell.swift */; };
		8DAB901320CB0178008D3CB6 /* Gallery+Helper+Extensions.swift in Sources */ = {isa = PBXBuildFile; fileRef = 8DAB901220CB0178008D3CB6 /* Gallery+Helper+Extensions.swift */; };
		8DB47A3A20BCE6950043126B /* MainViewController+Extensions.swift in Sources */ = {isa = PBXBuildFile; fileRef = 8DB47A3920BCE6950043126B /* MainViewController+Extensions.swift */; };
		8DB47A3D20BCE87D0043126B /* Detail+Helper+Extensions.swift in Sources */ = {isa = PBXBuildFile; fileRef = 8DB47A3C20BCE87D0043126B /* Detail+Helper+Extensions.swift */; };
/* End PBXBuildFile section */

/* Begin PBXFileReference section */
		8D30B95A2058401A0042B568 /* MyCell.swift */ = {isa = PBXFileReference; lastKnownFileType = sourcecode.swift; path = MyCell.swift; sourceTree = "<group>"; };
		8D4EBD4D20C17B0D00897BA9 /* MapKit+Extension.swift */ = {isa = PBXFileReference; lastKnownFileType = sourcecode.swift; path = "MapKit+Extension.swift"; sourceTree = "<group>"; };
		8D4EBD4F20C17BC600897BA9 /* AnnotationPin.swift */ = {isa = PBXFileReference; lastKnownFileType = sourcecode.swift; path = AnnotationPin.swift; sourceTree = "<group>"; };
		8D4EBD5120C1CACE00897BA9 /* CustomTabBarController.swift */ = {isa = PBXFileReference; lastKnownFileType = sourcecode.swift; path = CustomTabBarController.swift; sourceTree = "<group>"; };
		8D4EBD5320C1CF8400897BA9 /* GalleryVC.swift */ = {isa = PBXFileReference; lastKnownFileType = sourcecode.swift; path = GalleryVC.swift; sourceTree = "<group>"; };
		8D4EBD5520C22A2600897BA9 /* InformationVC.swift */ = {isa = PBXFileReference; lastKnownFileType = sourcecode.swift; path = InformationVC.swift; sourceTree = "<group>"; };
		8D781C83204057780080E66C /* BuildingInfo.swift */ = {isa = PBXFileReference; lastKnownFileType = sourcecode.swift; path = BuildingInfo.swift; sourceTree = "<group>"; };
		8D82065620C2F10C0000CF17 /* BuildingGallery.swift */ = {isa = PBXFileReference; lastKnownFileType = sourcecode.swift; path = BuildingGallery.swift; sourceTree = "<group>"; };
		8D82066520C2F59A0000CF17 /* GalleryDisplay.swift */ = {isa = PBXFileReference; lastKnownFileType = sourcecode.swift; path = GalleryDisplay.swift; sourceTree = "<group>"; };
		8D9AD9002037B7890045A06C /* BuildingMng.app */ = {isa = PBXFileReference; explicitFileType = wrapper.application; includeInIndex = 0; path = BuildingMng.app; sourceTree = BUILT_PRODUCTS_DIR; };
		8D9AD9032037B7890045A06C /* AppDelegate.swift */ = {isa = PBXFileReference; lastKnownFileType = sourcecode.swift; path = AppDelegate.swift; sourceTree = "<group>"; };
		8D9AD9052037B7890045A06C /* ViewController.swift */ = {isa = PBXFileReference; lastKnownFileType = sourcecode.swift; path = ViewController.swift; sourceTree = "<group>"; };
		8D9AD90A2037B7890045A06C /* Assets.xcassets */ = {isa = PBXFileReference; lastKnownFileType = folder.assetcatalog; path = Assets.xcassets; sourceTree = "<group>"; };
		8D9AD90D2037B7890045A06C /* Base */ = {isa = PBXFileReference; lastKnownFileType = file.storyboard; name = Base; path = Base.lproj/LaunchScreen.storyboard; sourceTree = "<group>"; };
		8D9AD90F2037B7890045A06C /* Info.plist */ = {isa = PBXFileReference; lastKnownFileType = text.plist.xml; path = Info.plist; sourceTree = "<group>"; };
		8D9AD9152038BE8E0045A06C /* ConstrainsExtension.swift */ = {isa = PBXFileReference; lastKnownFileType = sourcecode.swift; path = ConstrainsExtension.swift; sourceTree = "<group>"; };
		8D9AD91A20390C520045A06C /* DetailsVC.swift */ = {isa = PBXFileReference; lastKnownFileType = sourcecode.swift; path = DetailsVC.swift; sourceTree = "<group>"; };
		8DAB900C20C9A6E1008D3CB6 /* DisplayGalleryPhoto.swift */ = {isa = PBXFileReference; lastKnownFileType = sourcecode.swift; path = DisplayGalleryPhoto.swift; sourceTree = "<group>"; };
		8DAB900E20CB001C008D3CB6 /* GalleryCell.swift */ = {isa = PBXFileReference; lastKnownFileType = sourcecode.swift; path = GalleryCell.swift; sourceTree = "<group>"; };
		8DAB901020CB0117008D3CB6 /* DisplayCell.swift */ = {isa = PBXFileReference; lastKnownFileType = sourcecode.swift; path = DisplayCell.swift; sourceTree = "<group>"; };
		8DAB901220CB0178008D3CB6 /* Gallery+Helper+Extensions.swift */ = {isa = PBXFileReference; lastKnownFileType = sourcecode.swift; path = "Gallery+Helper+Extensions.swift"; sourceTree = "<group>"; };
		8DB47A3920BCE6950043126B /* MainViewController+Extensions.swift */ = {isa = PBXFileReference; lastKnownFileType = sourcecode.swift; path = "MainViewController+Extensions.swift"; sourceTree = "<group>"; };
		8DB47A3C20BCE87D0043126B /* Detail+Helper+Extensions.swift */ = {isa = PBXFileReference; lastKnownFileType = sourcecode.swift; path = "Detail+Helper+Extensions.swift"; sourceTree = "<group>"; };
/* End PBXFileReference section */

/* Begin PBXFrameworksBuildPhase section */
		8D9AD8FD2037B7890045A06C /* Frameworks */ = {
			isa = PBXFrameworksBuildPhase;
			buildActionMask = 2147483647;
			files = (
			);
			runOnlyForDeploymentPostprocessing = 0;
		};
/* End PBXFrameworksBuildPhase section */

/* Begin PBXGroup section */
		8D43A96120C4E335002BE494 /* Gallery */ = {
			isa = PBXGroup;
			children = (
				8D4EBD5320C1CF8400897BA9 /* GalleryVC.swift */,
				8DAB900E20CB001C008D3CB6 /* GalleryCell.swift */,
				8D82066520C2F59A0000CF17 /* GalleryDisplay.swift */,
				8DAB901020CB0117008D3CB6 /* DisplayCell.swift */,
				8DAB900C20C9A6E1008D3CB6 /* DisplayGalleryPhoto.swift */,
				8DAB901220CB0178008D3CB6 /* Gallery+Helper+Extensions.swift */,
			);
			path = Gallery;
			sourceTree = "<group>";
		};
		8D43A96220C4E3A8002BE494 /* Home */ = {
			isa = PBXGroup;
			children = (
				8D9AD9052037B7890045A06C /* ViewController.swift */,
				8D9AD91A20390C520045A06C /* DetailsVC.swift */,
			);
			path = Home;
			sourceTree = "<group>";
		};
		8D43A96320C4E3D6002BE494 /* Info */ = {
			isa = PBXGroup;
			children = (
				8D4EBD5520C22A2600897BA9 /* InformationVC.swift */,
			);
			path = Info;
			sourceTree = "<group>";
		};
		8D9AD8F72037B7890045A06C = {
			isa = PBXGroup;
			children = (
				8D9AD9022037B7890045A06C /* BuildingMng */,
				8D9AD9012037B7890045A06C /* Products */,
			);
			sourceTree = "<group>";
		};
		8D9AD9012037B7890045A06C /* Products */ = {
			isa = PBXGroup;
			children = (
				8D9AD9002037B7890045A06C /* BuildingMng.app */,
			);
			name = Products;
			sourceTree = "<group>";
		};
		8D9AD9022037B7890045A06C /* BuildingMng */ = {
			isa = PBXGroup;
			children = (
				8D9AD9192038BF3D0045A06C /* Model */,
				8D9AD9182038BF310045A06C /* View */,
				8D9AD9172038BF210045A06C /* Controller */,
				8D9AD90F2037B7890045A06C /* Info.plist */,
			);
			path = BuildingMng;
			sourceTree = "<group>";
		};
		8D9AD9172038BF210045A06C /* Controller */ = {
			isa = PBXGroup;
			children = (
				8D9AD9032037B7890045A06C /* AppDelegate.swift */,
				8D4EBD5120C1CACE00897BA9 /* CustomTabBarController.swift */,
				8D43A96320C4E3D6002BE494 /* Info */,
				8D43A96220C4E3A8002BE494 /* Home */,
				8D43A96120C4E335002BE494 /* Gallery */,
				8DB47A3820BCE6510043126B /* MainVCExt */,
				8DB47A3B20BCE85B0043126B /* DetailHelper+Ext */,
			);
			path = Controller;
			sourceTree = "<group>";
		};
		8D9AD9182038BF310045A06C /* View */ = {
			isa = PBXGroup;
			children = (
				8D9AD90A2037B7890045A06C /* Assets.xcassets */,
				8D9AD90C2037B7890045A06C /* LaunchScreen.storyboard */,
				8D9AD9152038BE8E0045A06C /* ConstrainsExtension.swift */,
				8D30B95A2058401A0042B568 /* MyCell.swift */,
			);
			path = View;
			sourceTree = "<group>";
		};
		8D9AD9192038BF3D0045A06C /* Model */ = {
			isa = PBXGroup;
			children = (
				8D781C83204057780080E66C /* BuildingInfo.swift */,
				8D82065620C2F10C0000CF17 /* BuildingGallery.swift */,
				8D4EBD4F20C17BC600897BA9 /* AnnotationPin.swift */,
			);
			path = Model;
			sourceTree = "<group>";
		};
		8DB47A3820BCE6510043126B /* MainVCExt */ = {
			isa = PBXGroup;
			children = (
				8DB47A3920BCE6950043126B /* MainViewController+Extensions.swift */,
				8D4EBD4D20C17B0D00897BA9 /* MapKit+Extension.swift */,
			);
			path = MainVCExt;
			sourceTree = "<group>";
		};
		8DB47A3B20BCE85B0043126B /* DetailHelper+Ext */ = {
			isa = PBXGroup;
			children = (
				8DB47A3C20BCE87D0043126B /* Detail+Helper+Extensions.swift */,
			);
			path = "DetailHelper+Ext";
			sourceTree = "<group>";
		};
/* End PBXGroup section */

/* Begin PBXNativeTarget section */
		8D9AD8FF2037B7890045A06C /* BuildingMng */ = {
			isa = PBXNativeTarget;
			buildConfigurationList = 8D9AD9122037B7890045A06C /* Build configuration list for PBXNativeTarget "BuildingMng" */;
			buildPhases = (
				8D9AD8FC2037B7890045A06C /* Sources */,
				8D9AD8FD2037B7890045A06C /* Frameworks */,
				8D9AD8FE2037B7890045A06C /* Resources */,
			);
			buildRules = (
			);
			dependencies = (
			);
			name = BuildingMng;
			productName = BuildingMng;
			productReference = 8D9AD9002037B7890045A06C /* BuildingMng.app */;
			productType = "com.apple.product-type.application";
		};
/* End PBXNativeTarget section */

/* Begin PBXProject section */
		8D9AD8F82037B7890045A06C /* Project object */ = {
			isa = PBXProject;
			attributes = {
				LastSwiftUpdateCheck = 0910;
				LastUpgradeCheck = 0910;
				ORGANIZATIONNAME = "Israel Manzo";
				TargetAttributes = {
					8D9AD8FF2037B7890045A06C = {
						CreatedOnToolsVersion = 9.1;
						ProvisioningStyle = Automatic;
					};
				};
			};
			buildConfigurationList = 8D9AD8FB2037B7890045A06C /* Build configuration list for PBXProject "BuildingMng" */;
			compatibilityVersion = "Xcode 8.0";
			developmentRegion = en;
			hasScannedForEncodings = 0;
			knownRegions = (
				en,
				Base,
			);
			mainGroup = 8D9AD8F72037B7890045A06C;
			productRefGroup = 8D9AD9012037B7890045A06C /* Products */;
			projectDirPath = "";
			projectRoot = "";
			targets = (
				8D9AD8FF2037B7890045A06C /* BuildingMng */,
			);
		};
/* End PBXProject section */

/* Begin PBXResourcesBuildPhase section */
		8D9AD8FE2037B7890045A06C /* Resources */ = {
			isa = PBXResourcesBuildPhase;
			buildActionMask = 2147483647;
			files = (
				8D9AD90E2037B7890045A06C /* LaunchScreen.storyboard in Resources */,
				8D9AD90B2037B7890045A06C /* Assets.xcassets in Resources */,
			);
			runOnlyForDeploymentPostprocessing = 0;
		};
/* End PBXResourcesBuildPhase section */

/* Begin PBXSourcesBuildPhase section */
		8D9AD8FC2037B7890045A06C /* Sources */ = {
			isa = PBXSourcesBuildPhase;
			buildActionMask = 2147483647;
			files = (
				8D9AD9062037B7890045A06C /* ViewController.swift in Sources */,
				8D9AD91B20390C520045A06C /* DetailsVC.swift in Sources */,
				8DB47A3D20BCE87D0043126B /* Detail+Helper+Extensions.swift in Sources */,
				8D82066620C2F59A0000CF17 /* GalleryDisplay.swift in Sources */,
				8DAB900D20C9A6E1008D3CB6 /* DisplayGalleryPhoto.swift in Sources */,
				8D781C84204057780080E66C /* BuildingInfo.swift in Sources */,
				8D82065720C2F10C0000CF17 /* BuildingGallery.swift in Sources */,
				8DB47A3A20BCE6950043126B /* MainViewController+Extensions.swift in Sources */,
				8D4EBD5220C1CACE00897BA9 /* CustomTabBarController.swift in Sources */,
				8D30B95B2058401A0042B568 /* MyCell.swift in Sources */,
				8D4EBD5420C1CF8400897BA9 /* GalleryVC.swift in Sources */,
				8D4EBD5020C17BC600897BA9 /* AnnotationPin.swift in Sources */,
				8DAB901320CB0178008D3CB6 /* Gallery+Helper+Extensions.swift in Sources */,
				8D4EBD4E20C17B0D00897BA9 /* MapKit+Extension.swift in Sources */,
				8DAB900F20CB001D008D3CB6 /* GalleryCell.swift in Sources */,
				8DAB901120CB0117008D3CB6 /* DisplayCell.swift in Sources */,
				8D4EBD5620C22A2600897BA9 /* InformationVC.swift in Sources */,
				8D9AD9042037B7890045A06C /* AppDelegate.swift in Sources */,
				8D9AD9162038BE8F0045A06C /* ConstrainsExtension.swift in Sources */,
			);
			runOnlyForDeploymentPostprocessing = 0;
		};
/* End PBXSourcesBuildPhase section */

/* Begin PBXVariantGroup section */
		8D9AD90C2037B7890045A06C /* LaunchScreen.storyboard */ = {
			isa = PBXVariantGroup;
			children = (
				8D9AD90D2037B7890045A06C /* Base */,
			);
			name = LaunchScreen.storyboard;
			sourceTree = "<group>";
		};
/* End PBXVariantGroup section */

/* Begin XCBuildConfiguration section */
		8D9AD9102037B7890045A06C /* Debug */ = {
			isa = XCBuildConfiguration;
			buildSettings = {
				ALWAYS_SEARCH_USER_PATHS = NO;
				CLANG_ANALYZER_NONNULL = YES;
				CLANG_ANALYZER_NUMBER_OBJECT_CONVERSION = YES_AGGRESSIVE;
				CLANG_CXX_LANGUAGE_STANDARD = "gnu++14";
				CLANG_CXX_LIBRARY = "libc++";
				CLANG_ENABLE_MODULES = YES;
				CLANG_ENABLE_OBJC_ARC = YES;
				CLANG_WARN_BLOCK_CAPTURE_AUTORELEASING = YES;
				CLANG_WARN_BOOL_CONVERSION = YES;
				CLANG_WARN_COMMA = YES;
				CLANG_WARN_CONSTANT_CONVERSION = YES;
				CLANG_WARN_DIRECT_OBJC_ISA_USAGE = YES_ERROR;
				CLANG_WARN_DOCUMENTATION_COMMENTS = YES;
				CLANG_WARN_EMPTY_BODY = YES;
				CLANG_WARN_ENUM_CONVERSION = YES;
				CLANG_WARN_INFINITE_RECURSION = YES;
				CLANG_WARN_INT_CONVERSION = YES;
				CLANG_WARN_NON_LITERAL_NULL_CONVERSION = YES;
				CLANG_WARN_OBJC_LITERAL_CONVERSION = YES;
				CLANG_WARN_OBJC_ROOT_CLASS = YES_ERROR;
				CLANG_WARN_RANGE_LOOP_ANALYSIS = YES;
				CLANG_WARN_STRICT_PROTOTYPES = YES;
				CLANG_WARN_SUSPICIOUS_MOVE = YES;
				CLANG_WARN_UNGUARDED_AVAILABILITY = YES_AGGRESSIVE;
				CLANG_WARN_UNREACHABLE_CODE = YES;
				CLANG_WARN__DUPLICATE_METHOD_MATCH = YES;
				CODE_SIGN_IDENTITY = "iPhone Developer";
				COPY_PHASE_STRIP = NO;
				DEBUG_INFORMATION_FORMAT = dwarf;
				ENABLE_STRICT_OBJC_MSGSEND = YES;
				ENABLE_TESTABILITY = YES;
				GCC_C_LANGUAGE_STANDARD = gnu11;
				GCC_DYNAMIC_NO_PIC = NO;
				GCC_NO_COMMON_BLOCKS = YES;
				GCC_OPTIMIZATION_LEVEL = 0;
				GCC_PREPROCESSOR_DEFINITIONS = (
					"DEBUG=1",
					"$(inherited)",
				);
				GCC_WARN_64_TO_32_BIT_CONVERSION = YES;
				GCC_WARN_ABOUT_RETURN_TYPE = YES_ERROR;
				GCC_WARN_UNDECLARED_SELECTOR = YES;
				GCC_WARN_UNINITIALIZED_AUTOS = YES_AGGRESSIVE;
				GCC_WARN_UNUSED_FUNCTION = YES;
				GCC_WARN_UNUSED_VARIABLE = YES;
				IPHONEOS_DEPLOYMENT_TARGET = 11.1;
				MTL_ENABLE_DEBUG_INFO = YES;
				ONLY_ACTIVE_ARCH = YES;
				SDKROOT = iphoneos;
				SWIFT_ACTIVE_COMPILATION_CONDITIONS = DEBUG;
				SWIFT_OPTIMIZATION_LEVEL = "-Onone";
			};
			name = Debug;
		};
		8D9AD9112037B7890045A06C /* Release */ = {
			isa = XCBuildConfiguration;
			buildSettings = {
				ALWAYS_SEARCH_USER_PATHS = NO;
				CLANG_ANALYZER_NONNULL = YES;
				CLANG_ANALYZER_NUMBER_OBJECT_CONVERSION = YES_AGGRESSIVE;
				CLANG_CXX_LANGUAGE_STANDARD = "gnu++14";
				CLANG_CXX_LIBRARY = "libc++";
				CLANG_ENABLE_MODULES = YES;
				CLANG_ENABLE_OBJC_ARC = YES;
				CLANG_WARN_BLOCK_CAPTURE_AUTORELEASING = YES;
				CLANG_WARN_BOOL_CONVERSION = YES;
				CLANG_WARN_COMMA = YES;
				CLANG_WARN_CONSTANT_CONVERSION = YES;
				CLANG_WARN_DIRECT_OBJC_ISA_USAGE = YES_ERROR;
				CLANG_WARN_DOCUMENTATION_COMMENTS = YES;
				CLANG_WARN_EMPTY_BODY = YES;
				CLANG_WARN_ENUM_CONVERSION = YES;
				CLANG_WARN_INFINITE_RECURSION = YES;
				CLANG_WARN_INT_CONVERSION = YES;
				CLANG_WARN_NON_LITERAL_NULL_CONVERSION = YES;
				CLANG_WARN_OBJC_LITERAL_CONVERSION = YES;
				CLANG_WARN_OBJC_ROOT_CLASS = YES_ERROR;
				CLANG_WARN_RANGE_LOOP_ANALYSIS = YES;
				CLANG_WARN_STRICT_PROTOTYPES = YES;
				CLANG_WARN_SUSPICIOUS_MOVE = YES;
				CLANG_WARN_UNGUARDED_AVAILABILITY = YES_AGGRESSIVE;
				CLANG_WARN_UNREACHABLE_CODE = YES;
				CLANG_WARN__DUPLICATE_METHOD_MATCH = YES;
				CODE_SIGN_IDENTITY = "iPhone Developer";
				COPY_PHASE_STRIP = NO;
				DEBUG_INFORMATION_FORMAT = "dwarf-with-dsym";
				ENABLE_NS_ASSERTIONS = NO;
				ENABLE_STRICT_OBJC_MSGSEND = YES;
				GCC_C_LANGUAGE_STANDARD = gnu11;
				GCC_NO_COMMON_BLOCKS = YES;
				GCC_WARN_64_TO_32_BIT_CONVERSION = YES;
				GCC_WARN_ABOUT_RETURN_TYPE = YES_ERROR;
				GCC_WARN_UNDECLARED_SELECTOR = YES;
				GCC_WARN_UNINITIALIZED_AUTOS = YES_AGGRESSIVE;
				GCC_WARN_UNUSED_FUNCTION = YES;
				GCC_WARN_UNUSED_VARIABLE = YES;
				IPHONEOS_DEPLOYMENT_TARGET = 11.1;
				MTL_ENABLE_DEBUG_INFO = NO;
				SDKROOT = iphoneos;
				SWIFT_OPTIMIZATION_LEVEL = "-Owholemodule";
				VALIDATE_PRODUCT = YES;
			};
			name = Release;
		};
		8D9AD9132037B7890045A06C /* Debug */ = {
			isa = XCBuildConfiguration;
			buildSettings = {
				ASSETCATALOG_COMPILER_APPICON_NAME = AppIcon;
				CODE_SIGN_STYLE = Automatic;
				DEVELOPMENT_TEAM = 6DC9LP75VX;
				INFOPLIST_FILE = BuildingMng/Info.plist;
				LD_RUNPATH_SEARCH_PATHS = "$(inherited) @executable_path/Frameworks";
				PRODUCT_BUNDLE_IDENTIFIER = com.example.inclass.BuildingMng;
				PRODUCT_NAME = "$(TARGET_NAME)";
				SWIFT_VERSION = 4.0;
				TARGETED_DEVICE_FAMILY = "1,2";
			};
			name = Debug;
		};
		8D9AD9142037B7890045A06C /* Release */ = {
			isa = XCBuildConfiguration;
			buildSettings = {
				ASSETCATALOG_COMPILER_APPICON_NAME = AppIcon;
				CODE_SIGN_STYLE = Automatic;
				DEVELOPMENT_TEAM = 6DC9LP75VX;
				INFOPLIST_FILE = BuildingMng/Info.plist;
				LD_RUNPATH_SEARCH_PATHS = "$(inherited) @executable_path/Frameworks";
				PRODUCT_BUNDLE_IDENTIFIER = com.example.inclass.BuildingMng;
				PRODUCT_NAME = "$(TARGET_NAME)";
				SWIFT_VERSION = 4.0;
				TARGETED_DEVICE_FAMILY = "1,2";
			};
			name = Release;
		};
/* End XCBuildConfiguration section */

/* Begin XCConfigurationList section */
		8D9AD8FB2037B7890045A06C /* Build configuration list for PBXProject "BuildingMng" */ = {
			isa = XCConfigurationList;
			buildConfigurations = (
				8D9AD9102037B7890045A06C /* Debug */,
				8D9AD9112037B7890045A06C /* Release */,
			);
			defaultConfigurationIsVisible = 0;
			defaultConfigurationName = Release;
		};
		8D9AD9122037B7890045A06C /* Build configuration list for PBXNativeTarget "BuildingMng" */ = {
			isa = XCConfigurationList;
			buildConfigurations = (
				8D9AD9132037B7890045A06C /* Debug */,
				8D9AD9142037B7890045A06C /* Release */,
			);
			defaultConfigurationIsVisible = 0;
			defaultConfigurationName = Release;
		};
/* End XCConfigurationList section */
	};
	rootObject = 8D9AD8F82037B7890045A06C /* Project object */;
}
